
Microsoft Visual Studio Solution File, Format Version 12.00
# Visual Studio 15
VisualStudioVersion = 15.0.28307.1972
MinimumVisualStudioVersion = 10.0.40219.1
Project("{FAE04EC0-301F-11D3-BF4B-00C04F79EFBC}") = "Presentacion", "POS_GG\Presentacion.csproj", "{95F53F26-DFA1-4058-820F-8ADF435B1B39}"
EndProject
Project("{FAE04EC0-301F-11D3-BF4B-00C04F79EFBC}") = "Negocio", "Negocio\Negocio.csproj", "{CCDBF9EA-44EB-40F0-B103-6F9BB970464A}"
EndProject
Project("{FAE04EC0-301F-11D3-BF4B-00C04F79EFBC}") = "Datos", "Datos\Datos.csproj", "{EA571FCF-A408-4A7A-A69B-C6ED6B6F108A}"
EndProject
Global
	GlobalSection(SolutionConfigurationPlatforms) = preSolution
		Debug|Any CPU = Debug|Any CPU
		Release|Any CPU = Release|Any CPU
	EndGlobalSection
	GlobalSection(ProjectConfigurationPlatforms) = postSolution
		{95F53F26-DFA1-4058-820F-8ADF435B1B39}.Debug|Any CPU.ActiveCfg = Debug|Any CPU
		{95F53F26-DFA1-4058-820F-8ADF435B1B39}.Debug|Any CPU.Build.0 = Debug|Any CPU
		{95F53F26-DFA1-4058-820F-8ADF435B1B39}.Release|Any CPU.ActiveCfg = Release|Any CPU
		{95F53F26-DFA1-4058-820F-8ADF435B1B39}.Release|Any CPU.Build.0 = Release|Any CPU
		{CCDBF9EA-44EB-40F0-B103-6F9BB970464A}.Debug|Any CPU.ActiveCfg = Debug|Any CPU
		{CCDBF9EA-44EB-40F0-B103-6F9BB970464A}.Debug|Any CPU.Build.0 = Debug|Any CPU
		{CCDBF9EA-44EB-40F0-B103-6F9BB970464A}.Release|Any CPU.ActiveCfg = Release|Any CPU
		{CCDBF9EA-44EB-40F0-B103-6F9BB970464A}.Release|Any CPU.Build.0 = Release|Any CPU
		{EA571FCF-A408-4A7A-A69B-C6ED6B6F108A}.Debug|Any CPU.ActiveCfg = Debug|Any CPU
		{EA571FCF-A408-4A7A-A69B-C6ED6B6F108A}.Debug|Any CPU.Build.0 = Debug|Any CPU
		{EA571FCF-A408-4A7A-A69B-C6ED6B6F108A}.Release|Any CPU.ActiveCfg = Release|Any CPU
		{EA571FCF-A408-4A7A-A69B-C6ED6B6F108A}.Release|Any CPU.Build.0 = Release|Any CPU
	EndGlobalSection
	GlobalSection(SolutionProperties) = preSolution
		HideSolutionNode = FALSE
	EndGlobalSection
	GlobalSection(ExtensibilityGlobals) = postSolution
		SolutionGuid = {8EBC832C-CC7E-43CE-A8A3-2B2D82EE16E8}
	EndGlobalSection
EndGlobal
